
Microsoft Visual Studio Solution File, Format Version 12.00
# Visual Studio 14
VisualStudioVersion = 14.0.23107.0
MinimumVisualStudioVersion = 10.0.40219.1
Project("{FAE04EC0-301F-11D3-BF4B-00C04F79EFBC}") = "1.1", "CrackingTheCodingInterview\1.1.csproj", "{17B562FF-2D1B-4B6C-8EED-45E8FAE1D8E8}"
EndProject
Project("{FAE04EC0-301F-11D3-BF4B-00C04F79EFBC}") = "1.2", "1.2\1.2.csproj", "{12D18626-83A1-4331-8EEE-3130365A8540}"
EndProject
Project("{FAE04EC0-301F-11D3-BF4B-00C04F79EFBC}") = "1.3", "1.3\1.3.csproj", "{1D2660EA-3D6E-4512-BBE6-AD0A1DE0CC58}"
EndProject
Global
	GlobalSection(SolutionConfigurationPlatforms) = preSolution
		Debug|Any CPU = Debug|Any CPU
		Release|Any CPU = Release|Any CPU
	EndGlobalSection
	GlobalSection(ProjectConfigurationPlatforms) = postSolution
		{17B562FF-2D1B-4B6C-8EED-45E8FAE1D8E8}.Debug|Any CPU.ActiveCfg = Debug|Any CPU
		{17B562FF-2D1B-4B6C-8EED-45E8FAE1D8E8}.Debug|Any CPU.Build.0 = Debug|Any CPU
		{17B562FF-2D1B-4B6C-8EED-45E8FAE1D8E8}.Release|Any CPU.ActiveCfg = Release|Any CPU
		{17B562FF-2D1B-4B6C-8EED-45E8FAE1D8E8}.Release|Any CPU.Build.0 = Release|Any CPU
		{12D18626-83A1-4331-8EEE-3130365A8540}.Debug|Any CPU.ActiveCfg = Debug|Any CPU
		{12D18626-83A1-4331-8EEE-3130365A8540}.Debug|Any CPU.Build.0 = Debug|Any CPU
		{12D18626-83A1-4331-8EEE-3130365A8540}.Release|Any CPU.ActiveCfg = Release|Any CPU
		{12D18626-83A1-4331-8EEE-3130365A8540}.Release|Any CPU.Build.0 = Release|Any CPU
		{1D2660EA-3D6E-4512-BBE6-AD0A1DE0CC58}.Debug|Any CPU.ActiveCfg = Debug|Any CPU
		{1D2660EA-3D6E-4512-BBE6-AD0A1DE0CC58}.Debug|Any CPU.Build.0 = Debug|Any CPU
		{1D2660EA-3D6E-4512-BBE6-AD0A1DE0CC58}.Release|Any CPU.ActiveCfg = Release|Any CPU
		{1D2660EA-3D6E-4512-BBE6-AD0A1DE0CC58}.Release|Any CPU.Build.0 = Release|Any CPU
	EndGlobalSection
	GlobalSection(SolutionProperties) = preSolution
		HideSolutionNode = FALSE
	EndGlobalSection
EndGlobal
